<?xml version="1.0" encoding="utf-8"?>
<Project ToolsVersion="4.0" xmlns="http://schemas.microsoft.com/developer/msbuild/2003">
  <ItemGroup>
    <Filter Include="Source Files">
      <UniqueIdentifier>{4FC737F1-C7A5-4376-A066-2A32D752A2FF}</UniqueIdentifier>
      <Extensions>cpp;c;cc;cxx;c++;def;odl;idl;hpj;bat;asm;asmx</Extensions>
    </Filter>
    <Filter Include="Header Files">
      <UniqueIdentifier>{93995380-89BD-4b04-88EB-625FBE52EBFB}</UniqueIdentifier>
      <Extensions>h;hh;hpp;hxx;h++;hm;inl;inc;ipp;xsd</Extensions>
    </Filter>
    <Filter Include="roms">
      <UniqueIdentifier>{67DA6AB6-F800-4c08-8B7A-83BB121AAD01}</UniqueIdentifier>
      <Extensions>rc;ico;cur;bmp;dlg;rc2;rct;bin;rgs;gif;jpg;jpeg;jpe;resx;tiff;tif;png;wav;mfcribbon-ms</Extensions>
    </Filter>
  </ItemGroup>
  <ItemGroup>
    <ClCompile Include="main.cpp">
      <Filter>Source Files</Filter>
    </ClCompile>
    <ClCompile Include="chip8.cpp">
      <Filter>Source Files</Filter>
    </ClCompile>
  </ItemGroup>
  <ItemGroup>
    <ClInclude Include="chip8.h">
      <Filter>Header Files</Filter>
    </ClInclude>
    <ClInclude Include="includes.h">
      <Filter>Header Files</Filter>
    </ClInclude>
  </ItemGroup>
  <ItemGroup>
    <None Include="roms\15PUZZLE">
      <Filter>roms</Filter>
    </None>
    <None Include="roms\BLINKY">
      <Filter>roms</Filter>
    </None>
    <None Include="roms\BLITZ">
      <Filter>roms</Filter>
    </None>
    <None Include="roms\BRIX">
      <Filter>roms</Filter>
    </None>
    <None Include="roms\CONNECT4">
      <Filter>roms</Filter>
    </None>
    <None Include="roms\GUESS">
      <Filter>roms</Filter>
    </None>
    <None Include="roms\HIDDEN">
      <Filter>roms</Filter>
    </None>
    <None Include="roms\INVADERS">
      <Filter>roms</Filter>
    </None>
    <None Include="roms\KALEID">
      <Filter>roms</Filter>
    </None>
    <None Include="roms\MAZE">
      <Filter>roms</Filter>
    </None>
    <None Include="roms\MERLIN">
      <Filter>roms</Filter>
    </None>
    <None Include="roms\MISSILE">
      <Filter>roms</Filter>
    </None>
    <None Include="roms\PONG">
      <Filter>roms</Filter>
    </None>
    <None Include="roms\PONG2">
      <Filter>roms</Filter>
    </None>
    <None Include="roms\PUZZLE">
      <Filter>roms</Filter>
    </None>
    <None Include="roms\SYZYGY">
      <Filter>roms</Filter>
    </None>
    <None Include="roms\TANK">
      <Filter>roms</Filter>
    </None>
    <None Include="roms\TETRIS">
      <Filter>roms</Filter>
    </None>
    <None Include="roms\TICTAC">
      <Filter>roms</Filter>
    </None>
    <None Include="roms\UFO">
      <Filter>roms</Filter>
    </None>
    <None Include="roms\VBRIX">
      <Filter>roms</Filter>
    </None>
    <None Include="roms\VERS">
      <Filter>roms</Filter>
    </None>
    <None Include="roms\WIPEOFF">
      <Filter>roms</Filter>
    </None>
    <None Include="roms\test_opcode.ch8">
      <Filter>roms</Filter>
    </None>
    <None Include="roms\BC_test.ch8">
      <Filter>roms</Filter>
    </None>
  </ItemGroup>
</Project>